{
  "nodes": {
    "crane": {
      "locked": {
        "lastModified": 1752946753,
        "narHash": "sha256-g5uP3jIj+STUcfTJDKYopxnSijs2agRg13H0SGL5iE4=",
        "owner": "ipetkov",
        "repo": "crane",
        "rev": "544d09fecc8c2338542c57f3f742f1a0c8c71e13",
        "type": "github"
      },
      "original": {
        "owner": "ipetkov",
        "repo": "crane",
        "type": "github"
      }
    },
    "crane_2": {
      "locked": {
        "lastModified": 1759893430,
        "narHash": "sha256-yAy4otLYm9iZ+NtQwTMEbqHwswSFUbhn7x826RR6djw=",
        "owner": "ipetkov",
        "repo": "crane",
        "rev": "1979a2524cb8c801520bd94c38bb3d5692419d93",
        "type": "github"
      },
      "original": {
        "owner": "ipetkov",
        "repo": "crane",
        "type": "github"
      }
    },
    "flake-compat": {
      "flake": false,
      "locked": {
        "lastModified": 1767039857,
        "narHash": "sha256-vNpUSpF5Nuw8xvDLj2KCwwksIbjua2LZCqhV1LNRDns=",
        "owner": "edolstra",
        "repo": "flake-compat",
        "rev": "5edf11c44bc78a0d334f6334cdaf7d60d732daab",
        "type": "github"
      },
      "original": {
        "owner": "edolstra",
        "repo": "flake-compat",
        "type": "github"
      }
    },
    "flake-compat_2": {
      "flake": false,
      "locked": {
        "lastModified": 1747046372,
        "narHash": "sha256-CIVLLkVgvHYbgI2UpXvIIBJ12HWgX+fjA8Xf8PUmqCY=",
        "owner": "edolstra",
        "repo": "flake-compat",
        "rev": "9100a0f413b0c601e0533d1d94ffd501ce2e7885",
        "type": "github"
      },
      "original": {
        "owner": "edolstra",
        "repo": "flake-compat",
        "type": "github"
      }
    },
    "flake-parts": {
      "inputs": {
        "nixpkgs-lib": "nixpkgs-lib"
      },
      "locked": {
        "lastModified": 1765835352,
        "narHash": "sha256-XswHlK/Qtjasvhd1nOa1e8MgZ8GS//jBoTqWtrS1Giw=",
        "owner": "hercules-ci",
        "repo": "flake-parts",
        "rev": "a34fae9c08a15ad73f295041fec82323541400a9",
        "type": "github"
      },
      "original": {
        "owner": "hercules-ci",
        "repo": "flake-parts",
        "type": "github"
      }
    },
    "flake-utils": {
      "inputs": {
        "systems": "systems"
      },
      "locked": {
        "lastModified": 1731533236,
        "narHash": "sha256-l0KFg5HjrsfsO/JpG+r7fRrqm12kzFHyUHqHCVpMMbI=",
        "owner": "numtide",
        "repo": "flake-utils",
        "rev": "11707dc2f618dd54ca8739b309ec4fc024de578b",
        "type": "github"
      },
      "original": {
        "owner": "numtide",
        "repo": "flake-utils",
        "type": "github"
      }
    },
    "flake-utils_2": {
      "inputs": {
        "systems": "systems_2"
      },
      "locked": {
        "lastModified": 1731533236,
        "narHash": "sha256-l0KFg5HjrsfsO/JpG+r7fRrqm12kzFHyUHqHCVpMMbI=",
        "owner": "numtide",
        "repo": "flake-utils",
        "rev": "11707dc2f618dd54ca8739b309ec4fc024de578b",
        "type": "github"
      },
      "original": {
        "owner": "numtide",
        "repo": "flake-utils",
        "type": "github"
      }
    },
    "green": {
      "inputs": {
        "crane": "crane",
        "flake-utils": "flake-utils",
        "nixpkgs": [
          "nixpkgs"
        ],
        "rust-overlay": "rust-overlay"
      },
      "locked": {
        "lastModified": 1753061257,
        "narHash": "sha256-3A9oEwzYqt1U0xeVVawXEubFm6yt8du3WlvkXz0hohA=",
        "owner": "covercash2",
        "repo": "green",
        "rev": "b5f31edac5905f917dfeed7137daa3ac2d953901",
        "type": "github"
      },
      "original": {
        "owner": "covercash2",
        "repo": "green",
        "rev": "b5f31edac5905f917dfeed7137daa3ac2d953901",
        "type": "github"
      }
    },
    "nixos-cli": {
      "inputs": {
        "flake-compat": "flake-compat",
        "flake-parts": "flake-parts",
        "nixpkgs": "nixpkgs",
        "optnix": "optnix"
      },
      "locked": {
        "lastModified": 1771029319,
        "narHash": "sha256-Dc+nCyDgtKlQ31Rk90ZEuaZ618hLUFvY4bn4Ea/FksE=",
        "owner": "nix-community",
        "repo": "nixos-cli",
        "rev": "9a43dd0382e7b3f6e751954b1de71510d8f34c08",
        "type": "github"
      },
      "original": {
        "owner": "nix-community",
        "repo": "nixos-cli",
        "type": "github"
      }
    },
    "nixpkgs": {
      "locked": {
        "lastModified": 1767151656,
        "narHash": "sha256-ujL2AoYBnJBN262HD95yer7QYUmYp5kFZGYbyCCKxq8=",
        "owner": "NixOS",
        "repo": "nixpkgs",
        "rev": "f665af0cdb70ed27e1bd8f9fdfecaf451260fc55",
        "type": "github"
      },
      "original": {
        "owner": "NixOS",
        "ref": "nixpkgs-unstable",
        "repo": "nixpkgs",
        "type": "github"
      }
    },
    "nixpkgs-lib": {
      "locked": {
        "lastModified": 1765674936,
        "narHash": "sha256-k00uTP4JNfmejrCLJOwdObYC9jHRrr/5M/a/8L2EIdo=",
        "owner": "nix-community",
        "repo": "nixpkgs.lib",
        "rev": "2075416fcb47225d9b68ac469a5c4801a9c4dd85",
        "type": "github"
      },
      "original": {
        "owner": "nix-community",
        "repo": "nixpkgs.lib",
        "type": "github"
      }
    },
    "nixpkgs_2": {
      "locked": {
        "lastModified": 1759070547,
        "narHash": "sha256-JVZl8NaVRYb0+381nl7LvPE+A774/dRpif01FKLrYFQ=",
        "owner": "NixOS",
        "repo": "nixpkgs",
        "rev": "647e5c14cbd5067f44ac86b74f014962df460840",
        "type": "github"
      },
      "original": {
        "owner": "NixOS",
        "ref": "nixpkgs-unstable",
        "repo": "nixpkgs",
        "type": "github"
      }
    },
    "nixpkgs_3": {
      "locked": {
        "lastModified": 1771008912,
        "narHash": "sha256-gf2AmWVTs8lEq7z/3ZAsgnZDhWIckkb+ZnAo5RzSxJg=",
        "owner": "NixOS",
        "repo": "nixpkgs",
        "rev": "a82ccc39b39b621151d6732718e3e250109076fa",
        "type": "github"
      },
      "original": {
        "owner": "NixOS",
        "ref": "nixos-unstable",
        "repo": "nixpkgs",
        "type": "github"
      }
    },
    "optnix": {
      "inputs": {
        "flake-compat": "flake-compat_2",
        "nixpkgs": "nixpkgs_2"
      },
      "locked": {
        "lastModified": 1765418479,
        "narHash": "sha256-33VCCXiEnEL9N2wVxo9FHLwL8KWH6qk+MNRcSThOPWs=",
        "owner": "water-sucks",
        "repo": "optnix",
        "rev": "01facc3de860bf479723bf19535586564e59fe73",
        "type": "github"
      },
      "original": {
        "owner": "water-sucks",
        "repo": "optnix",
        "type": "github"
      }
    },
    "root": {
      "inputs": {
        "green": "green",
        "nixos-cli": "nixos-cli",
        "nixpkgs": "nixpkgs_3",
        "ultron": "ultron"
      }
    },
    "rust-overlay": {
      "inputs": {
        "nixpkgs": [
          "green",
          "nixpkgs"
        ]
      },
      "locked": {
        "lastModified": 1752979888,
        "narHash": "sha256-qRRP3QavbwW0o+LOh31QNEfCgPlzK5SKlWALUJL6T7E=",
        "owner": "oxalica",
        "repo": "rust-overlay",
        "rev": "95719de18aefa63a624bf75a1ff98744b089ec12",
        "type": "github"
      },
      "original": {
        "owner": "oxalica",
        "repo": "rust-overlay",
        "type": "github"
      }
    },
    "rust-overlay_2": {
      "inputs": {
        "nixpkgs": [
          "ultron",
          "nixpkgs"
        ]
      },
      "locked": {
        "lastModified": 1760841560,
        "narHash": "sha256-NVOl5Lk1QD+i4I4My4f85yjXBinu+OXOUWskPNtzKHs=",
        "owner": "oxalica",
        "repo": "rust-overlay",
        "rev": "a9121dc4ccd63e0309426b91bd7a494189516274",
        "type": "github"
      },
      "original": {
        "owner": "oxalica",
        "repo": "rust-overlay",
        "type": "github"
      }
    },
    "systems": {
      "locked": {
        "lastModified": 1681028828,
        "narHash": "sha256-Vy1rq5AaRuLzOxct8nz4T6wlgyUR7zLU309k9mBC768=",
        "owner": "nix-systems",
        "repo": "default",
        "rev": "da67096a3b9bf56a91d16901293e51ba5b49a27e",
        "type": "github"
      },
      "original": {
        "owner": "nix-systems",
        "repo": "default",
        "type": "github"
      }
    },
    "systems_2": {
      "locked": {
        "lastModified": 1681028828,
        "narHash": "sha256-Vy1rq5AaRuLzOxct8nz4T6wlgyUR7zLU309k9mBC768=",
        "owner": "nix-systems",
        "repo": "default",
        "rev": "da67096a3b9bf56a91d16901293e51ba5b49a27e",
        "type": "github"
      },
      "original": {
        "owner": "nix-systems",
        "repo": "default",
        "type": "github"
      }
    },
    "ultron": {
      "inputs": {
        "crane": "crane_2",
        "flake-utils": "flake-utils_2",
        "nixpkgs": [
          "nixpkgs"
        ],
        "rust-overlay": "rust-overlay_2"
      },
      "locked": {
        "lastModified": 1761413150,
        "narHash": "sha256-hczblS8zIOvtUXOu+4MT5ieV1YVG8nQhBjeVM30Y3wU=",
        "owner": "covercash2",
        "repo": "ultron",
        "rev": "05be4f8b3df65e0494229c03b8268a092736c39a",
        "type": "github"
      },
      "original": {
        "owner": "covercash2",
        "repo": "ultron",
        "rev": "05be4f8b3df65e0494229c03b8268a092736c39a",
        "type": "github"
      }
    }
  },
  "root": "root",
  "version": 7
}
